# THIS IS AN AUTOGENERATED FILE. DO NOT EDIT THIS FILE DIRECTLY.
# yarn lockfile v1


azion@latest:
  version "1.8.2"
  resolved "https://registry.yarnpkg.com/azion/-/azion-1.8.2.tgz#fd024dc6c0ef49c90b49a497d485d652e72215ef"
  integrity sha512-TRueU0w9JG4PYCYw0eWU069UvByU8tXEEVLryrOsCMzQ2Nn6x33VdiJAMOuE8FP31BmF2wyVdfITKTkEBy+dwg==
  dependencies:
    chalk "^5.3.0"
    progress "^2.0.3"

chalk@^5.3.0:
  version "5.3.0"
  resolved "https://registry.yarnpkg.com/chalk/-/chalk-5.3.0.tgz#67c20a7ebef70e7f3970a01f90fa210cb6860385"
  integrity sha512-dLitG79d+GV1Nb/VYcCDFivJeK1hiukt9QjRNVOsUtTy1rR1YJsmpGGTZ3qJos+uw7WmWF4wUwBd9jxjocFC2w==

progress@^2.0.3:
  version "2.0.3"
  resolved "https://registry.yarnpkg.com/progress/-/progress-2.0.3.tgz#7e8cf8d8f5b8f239c1bc68beb4eb78567d572ef8"
  integrity sha512-7PiHtLll5LdnKIMw100I+8xJXR5gW2QwWYkT6iJva0bXitZKa/XMrSbdmg3r2Xnaidz9Qumd0VPaMrZlF9V9sA==
